// !$*UTF8*$!
{
	archiveVersion = 1;
	classes = {
	};
	objectVersion = 56;
	objects = {

/* Begin PBXBuildFile section */
		B970EF6E2908C7C200A98EB5 /* KittyCatBatteryLifeApp.swift in Sources */ = {isa = PBXBuildFile; fileRef = B970EF6D2908C7C200A98EB5 /* KittyCatBatteryLifeApp.swift */; };
		B970EF702908C7C200A98EB5 /* ContentView.swift in Sources */ = {isa = PBXBuildFile; fileRef = B970EF6F2908C7C200A98EB5 /* ContentView.swift */; };
		B970EF722908C7C300A98EB5 /* Assets.xcassets in Resources */ = {isa = PBXBuildFile; fileRef = B970EF712908C7C300A98EB5 /* Assets.xcassets */; };
		B970EF752908C7C300A98EB5 /* Preview Assets.xcassets in Resources */ = {isa = PBXBuildFile; fileRef = B970EF742908C7C300A98EB5 /* Preview Assets.xcassets */; };
		B970EF7F2908C7C300A98EB5 /* KittyCatBatteryLifeTests.swift in Sources */ = {isa = PBXBuildFile; fileRef = B970EF7E2908C7C300A98EB5 /* KittyCatBatteryLifeTests.swift */; };
		B970EF892908C7C300A98EB5 /* KittyCatBatteryLifeUITests.swift in Sources */ = {isa = PBXBuildFile; fileRef = B970EF882908C7C300A98EB5 /* KittyCatBatteryLifeUITests.swift */; };
		B970EF8B2908C7C300A98EB5 /* KittyCatBatteryLifeUITestsLaunchTests.swift in Sources */ = {isa = PBXBuildFile; fileRef = B970EF8A2908C7C300A98EB5 /* KittyCatBatteryLifeUITestsLaunchTests.swift */; };
		B970EF9E2908C84500A98EB5 /* WidgetKit.framework in Frameworks */ = {isa = PBXBuildFile; fileRef = B970EF9D2908C84500A98EB5 /* WidgetKit.framework */; };
		B970EFA02908C84500A98EB5 /* SwiftUI.framework in Frameworks */ = {isa = PBXBuildFile; fileRef = B970EF9F2908C84500A98EB5 /* SwiftUI.framework */; };
		B970EFA32908C84500A98EB5 /* KittyCat.swift in Sources */ = {isa = PBXBuildFile; fileRef = B970EFA22908C84500A98EB5 /* KittyCat.swift */; };
		B970EFA62908C84500A98EB5 /* Assets.xcassets in Resources */ = {isa = PBXBuildFile; fileRef = B970EFA52908C84500A98EB5 /* Assets.xcassets */; };
		B970EFA82908C84500A98EB5 /* KittyCat.intentdefinition in Sources */ = {isa = PBXBuildFile; fileRef = B970EFA42908C84500A98EB5 /* KittyCat.intentdefinition */; };
		B970EFA92908C84500A98EB5 /* KittyCat.intentdefinition in Sources */ = {isa = PBXBuildFile; fileRef = B970EFA42908C84500A98EB5 /* KittyCat.intentdefinition */; };
		B970EFAC2908C84500A98EB5 /* KittyCatExtension.appex in Embed Foundation Extensions */ = {isa = PBXBuildFile; fileRef = B970EF9B2908C84500A98EB5 /* KittyCatExtension.appex */; settings = {ATTRIBUTES = (RemoveHeadersOnCopy, ); }; };
/* End PBXBuildFile section */

/* Begin PBXContainerItemProxy section */
		B970EF7B2908C7C300A98EB5 /* PBXContainerItemProxy */ = {
			isa = PBXContainerItemProxy;
			containerPortal = B970EF622908C7C200A98EB5 /* Project object */;
			proxyType = 1;
			remoteGlobalIDString = B970EF692908C7C200A98EB5;
			remoteInfo = KittyCatBatteryLife;
		};
		B970EF852908C7C300A98EB5 /* PBXContainerItemProxy */ = {
			isa = PBXContainerItemProxy;
			containerPortal = B970EF622908C7C200A98EB5 /* Project object */;
			proxyType = 1;
			remoteGlobalIDString = B970EF692908C7C200A98EB5;
			remoteInfo = KittyCatBatteryLife;
		};
		B970EFAA2908C84500A98EB5 /* PBXContainerItemProxy */ = {
			isa = PBXContainerItemProxy;
			containerPortal = B970EF622908C7C200A98EB5 /* Project object */;
			proxyType = 1;
			remoteGlobalIDString = B970EF9A2908C84500A98EB5;
			remoteInfo = KittyCatExtension;
		};
/* End PBXContainerItemProxy section */

/* Begin PBXCopyFilesBuildPhase section */
		B970EFB02908C84600A98EB5 /* Embed Foundation Extensions */ = {
			isa = PBXCopyFilesBuildPhase;
			buildActionMask = 2147483647;
			dstPath = "";
			dstSubfolderSpec = 13;
			files = (
				B970EFAC2908C84500A98EB5 /* KittyCatExtension.appex in Embed Foundation Extensions */,
			);
			name = "Embed Foundation Extensions";
			runOnlyForDeploymentPostprocessing = 0;
		};
/* End PBXCopyFilesBuildPhase section */

/* Begin PBXFileReference section */
		B970EF6A2908C7C200A98EB5 /* KittyCatBatteryLife.app */ = {isa = PBXFileReference; explicitFileType = wrapper.application; includeInIndex = 0; path = KittyCatBatteryLife.app; sourceTree = BUILT_PRODUCTS_DIR; };
		B970EF6D2908C7C200A98EB5 /* KittyCatBatteryLifeApp.swift */ = {isa = PBXFileReference; lastKnownFileType = sourcecode.swift; path = KittyCatBatteryLifeApp.swift; sourceTree = "<group>"; };
		B970EF6F2908C7C200A98EB5 /* ContentView.swift */ = {isa = PBXFileReference; lastKnownFileType = sourcecode.swift; path = ContentView.swift; sourceTree = "<group>"; };
		B970EF712908C7C300A98EB5 /* Assets.xcassets */ = {isa = PBXFileReference; lastKnownFileType = folder.assetcatalog; path = Assets.xcassets; sourceTree = "<group>"; };
		B970EF742908C7C300A98EB5 /* Preview Assets.xcassets */ = {isa = PBXFileReference; lastKnownFileType = folder.assetcatalog; path = "Preview Assets.xcassets"; sourceTree = "<group>"; };
		B970EF7A2908C7C300A98EB5 /* KittyCatBatteryLifeTests.xctest */ = {isa = PBXFileReference; explicitFileType = wrapper.cfbundle; includeInIndex = 0; path = KittyCatBatteryLifeTests.xctest; sourceTree = BUILT_PRODUCTS_DIR; };
		B970EF7E2908C7C300A98EB5 /* KittyCatBatteryLifeTests.swift */ = {isa = PBXFileReference; lastKnownFileType = sourcecode.swift; path = KittyCatBatteryLifeTests.swift; sourceTree = "<group>"; };
		B970EF842908C7C300A98EB5 /* KittyCatBatteryLifeUITests.xctest */ = {isa = PBXFileReference; explicitFileType = wrapper.cfbundle; includeInIndex = 0; path = KittyCatBatteryLifeUITests.xctest; sourceTree = BUILT_PRODUCTS_DIR; };
		B970EF882908C7C300A98EB5 /* KittyCatBatteryLifeUITests.swift */ = {isa = PBXFileReference; lastKnownFileType = sourcecode.swift; path = KittyCatBatteryLifeUITests.swift; sourceTree = "<group>"; };
		B970EF8A2908C7C300A98EB5 /* KittyCatBatteryLifeUITestsLaunchTests.swift */ = {isa = PBXFileReference; lastKnownFileType = sourcecode.swift; path = KittyCatBatteryLifeUITestsLaunchTests.swift; sourceTree = "<group>"; };
		B970EF9B2908C84500A98EB5 /* KittyCatExtension.appex */ = {isa = PBXFileReference; explicitFileType = "wrapper.app-extension"; includeInIndex = 0; path = KittyCatExtension.appex; sourceTree = BUILT_PRODUCTS_DIR; };
		B970EF9D2908C84500A98EB5 /* WidgetKit.framework */ = {isa = PBXFileReference; lastKnownFileType = wrapper.framework; name = WidgetKit.framework; path = System/Library/Frameworks/WidgetKit.framework; sourceTree = SDKROOT; };
		B970EF9F2908C84500A98EB5 /* SwiftUI.framework */ = {isa = PBXFileReference; lastKnownFileType = wrapper.framework; name = SwiftUI.framework; path = System/Library/Frameworks/SwiftUI.framework; sourceTree = SDKROOT; };
		B970EFA22908C84500A98EB5 /* KittyCat.swift */ = {isa = PBXFileReference; lastKnownFileType = sourcecode.swift; path = KittyCat.swift; sourceTree = "<group>"; };
		B970EFA42908C84500A98EB5 /* KittyCat.intentdefinition */ = {isa = PBXFileReference; lastKnownFileType = file.intentdefinition; path = KittyCat.intentdefinition; sourceTree = "<group>"; };
		B970EFA52908C84500A98EB5 /* Assets.xcassets */ = {isa = PBXFileReference; lastKnownFileType = folder.assetcatalog; path = Assets.xcassets; sourceTree = "<group>"; };
		B970EFA72908C84500A98EB5 /* Info.plist */ = {isa = PBXFileReference; lastKnownFileType = text.plist.xml; path = Info.plist; sourceTree = "<group>"; };
/* End PBXFileReference section */

/* Begin PBXFrameworksBuildPhase section */
		B970EF672908C7C200A98EB5 /* Frameworks */ = {
			isa = PBXFrameworksBuildPhase;
			buildActionMask = 2147483647;
			files = (
			);
			runOnlyForDeploymentPostprocessing = 0;
		};
		B970EF772908C7C300A98EB5 /* Frameworks */ = {
			isa = PBXFrameworksBuildPhase;
			buildActionMask = 2147483647;
			files = (
			);
			runOnlyForDeploymentPostprocessing = 0;
		};
		B970EF812908C7C300A98EB5 /* Frameworks */ = {
			isa = PBXFrameworksBuildPhase;
			buildActionMask = 2147483647;
			files = (
			);
			runOnlyForDeploymentPostprocessing = 0;
		};
		B970EF982908C84500A98EB5 /* Frameworks */ = {
			isa = PBXFrameworksBuildPhase;
			buildActionMask = 2147483647;
			files = (
				B970EFA02908C84500A98EB5 /* SwiftUI.framework in Frameworks */,
				B970EF9E2908C84500A98EB5 /* WidgetKit.framework in Frameworks */,
			);
			runOnlyForDeploymentPostprocessing = 0;
		};
/* End PBXFrameworksBuildPhase section */

/* Begin PBXGroup section */
		B970EF612908C7C200A98EB5 = {
			isa = PBXGroup;
			children = (
				B970EF6C2908C7C200A98EB5 /* KittyCatBatteryLife */,
				B970EF7D2908C7C300A98EB5 /* KittyCatBatteryLifeTests */,
				B970EF872908C7C300A98EB5 /* KittyCatBatteryLifeUITests */,
				B970EFA12908C84500A98EB5 /* KittyCat */,
				B970EF9C2908C84500A98EB5 /* Frameworks */,
				B970EF6B2908C7C200A98EB5 /* Products */,
			);
			sourceTree = "<group>";
		};
		B970EF6B2908C7C200A98EB5 /* Products */ = {
			isa = PBXGroup;
			children = (
				B970EF6A2908C7C200A98EB5 /* KittyCatBatteryLife.app */,
				B970EF7A2908C7C300A98EB5 /* KittyCatBatteryLifeTests.xctest */,
				B970EF842908C7C300A98EB5 /* KittyCatBatteryLifeUITests.xctest */,
				B970EF9B2908C84500A98EB5 /* KittyCatExtension.appex */,
			);
			name = Products;
			sourceTree = "<group>";
		};
		B970EF6C2908C7C200A98EB5 /* KittyCatBatteryLife */ = {
			isa = PBXGroup;
			children = (
				B970EF6D2908C7C200A98EB5 /* KittyCatBatteryLifeApp.swift */,
				B970EF6F2908C7C200A98EB5 /* ContentView.swift */,
				B970EF712908C7C300A98EB5 /* Assets.xcassets */,
				B970EF732908C7C300A98EB5 /* Preview Content */,
			);
			path = KittyCatBatteryLife;
			sourceTree = "<group>";
		};
		B970EF732908C7C300A98EB5 /* Preview Content */ = {
			isa = PBXGroup;
			children = (
				B970EF742908C7C300A98EB5 /* Preview Assets.xcassets */,
			);
			path = "Preview Content";
			sourceTree = "<group>";
		};
		B970EF7D2908C7C300A98EB5 /* KittyCatBatteryLifeTests */ = {
			isa = PBXGroup;
			children = (
				B970EF7E2908C7C300A98EB5 /* KittyCatBatteryLifeTests.swift */,
			);
			path = KittyCatBatteryLifeTests;
			sourceTree = "<group>";
		};
		B970EF872908C7C300A98EB5 /* KittyCatBatteryLifeUITests */ = {
			isa = PBXGroup;
			children = (
				B970EF882908C7C300A98EB5 /* KittyCatBatteryLifeUITests.swift */,
				B970EF8A2908C7C300A98EB5 /* KittyCatBatteryLifeUITestsLaunchTests.swift */,
			);
			path = KittyCatBatteryLifeUITests;
			sourceTree = "<group>";
		};
		B970EF9C2908C84500A98EB5 /* Frameworks */ = {
			isa = PBXGroup;
			children = (
				B970EF9D2908C84500A98EB5 /* WidgetKit.framework */,
				B970EF9F2908C84500A98EB5 /* SwiftUI.framework */,
			);
			name = Frameworks;
			sourceTree = "<group>";
		};
		B970EFA12908C84500A98EB5 /* KittyCat */ = {
			isa = PBXGroup;
			children = (
				B970EFA22908C84500A98EB5 /* KittyCat.swift */,
				B970EFA42908C84500A98EB5 /* KittyCat.intentdefinition */,
				B970EFA52908C84500A98EB5 /* Assets.xcassets */,
				B970EFA72908C84500A98EB5 /* Info.plist */,
			);
			path = KittyCat;
			sourceTree = "<group>";
		};
/* End PBXGroup section */

/* Begin PBXNativeTarget section */
		B970EF692908C7C200A98EB5 /* KittyCatBatteryLife */ = {
			isa = PBXNativeTarget;
			buildConfigurationList = B970EF8E2908C7C300A98EB5 /* Build configuration list for PBXNativeTarget "KittyCatBatteryLife" */;
			buildPhases = (
				B970EF662908C7C200A98EB5 /* Sources */,
				B970EF672908C7C200A98EB5 /* Frameworks */,
				B970EF682908C7C200A98EB5 /* Resources */,
				B970EFB02908C84600A98EB5 /* Embed Foundation Extensions */,
			);
			buildRules = (
			);
			dependencies = (
				B970EFAB2908C84500A98EB5 /* PBXTargetDependency */,
			);
			name = KittyCatBatteryLife;
			productName = KittyCatBatteryLife;
			productReference = B970EF6A2908C7C200A98EB5 /* KittyCatBatteryLife.app */;
			productType = "com.apple.product-type.application";
		};
		B970EF792908C7C300A98EB5 /* KittyCatBatteryLifeTests */ = {
			isa = PBXNativeTarget;
			buildConfigurationList = B970EF912908C7C300A98EB5 /* Build configuration list for PBXNativeTarget "KittyCatBatteryLifeTests" */;
			buildPhases = (
				B970EF762908C7C300A98EB5 /* Sources */,
				B970EF772908C7C300A98EB5 /* Frameworks */,
				B970EF782908C7C300A98EB5 /* Resources */,
			);
			buildRules = (
			);
			dependencies = (
				B970EF7C2908C7C300A98EB5 /* PBXTargetDependency */,
			);
			name = KittyCatBatteryLifeTests;
			productName = KittyCatBatteryLifeTests;
			productReference = B970EF7A2908C7C300A98EB5 /* KittyCatBatteryLifeTests.xctest */;
			productType = "com.apple.product-type.bundle.unit-test";
		};
		B970EF832908C7C300A98EB5 /* KittyCatBatteryLifeUITests */ = {
			isa = PBXNativeTarget;
			buildConfigurationList = B970EF942908C7C300A98EB5 /* Build configuration list for PBXNativeTarget "KittyCatBatteryLifeUITests" */;
			buildPhases = (
				B970EF802908C7C300A98EB5 /* Sources */,
				B970EF812908C7C300A98EB5 /* Frameworks */,
				B970EF822908C7C300A98EB5 /* Resources */,
			);
			buildRules = (
			);
			dependencies = (
				B970EF862908C7C300A98EB5 /* PBXTargetDependency */,
			);
			name = KittyCatBatteryLifeUITests;
			productName = KittyCatBatteryLifeUITests;
			productReference = B970EF842908C7C300A98EB5 /* KittyCatBatteryLifeUITests.xctest */;
			productType = "com.apple.product-type.bundle.ui-testing";
		};
		B970EF9A2908C84500A98EB5 /* KittyCatExtension */ = {
			isa = PBXNativeTarget;
			buildConfigurationList = B970EFAD2908C84600A98EB5 /* Build configuration list for PBXNativeTarget "KittyCatExtension" */;
			buildPhases = (
				B970EF972908C84500A98EB5 /* Sources */,
				B970EF982908C84500A98EB5 /* Frameworks */,
				B970EF992908C84500A98EB5 /* Resources */,
			);
			buildRules = (
			);
			dependencies = (
			);
			name = KittyCatExtension;
			productName = KittyCatExtension;
			productReference = B970EF9B2908C84500A98EB5 /* KittyCatExtension.appex */;
			productType = "com.apple.product-type.app-extension";
		};
/* End PBXNativeTarget section */

/* Begin PBXProject section */
		B970EF622908C7C200A98EB5 /* Project object */ = {
			isa = PBXProject;
			attributes = {
				BuildIndependentTargetsInParallel = 1;
				LastSwiftUpdateCheck = 1400;
				LastUpgradeCheck = 1400;
				TargetAttributes = {
					B970EF692908C7C200A98EB5 = {
						CreatedOnToolsVersion = 14.0.1;
					};
					B970EF792908C7C300A98EB5 = {
						CreatedOnToolsVersion = 14.0.1;
						TestTargetID = B970EF692908C7C200A98EB5;
					};
					B970EF832908C7C300A98EB5 = {
						CreatedOnToolsVersion = 14.0.1;
						TestTargetID = B970EF692908C7C200A98EB5;
					};
					B970EF9A2908C84500A98EB5 = {
						CreatedOnToolsVersion = 14.0.1;
					};
				};
			};
			buildConfigurationList = B970EF652908C7C200A98EB5 /* Build configuration list for PBXProject "KittyCatBatteryLife" */;
			compatibilityVersion = "Xcode 14.0";
			developmentRegion = en;
			hasScannedForEncodings = 0;
			knownRegions = (
				en,
				Base,
			);
			mainGroup = B970EF612908C7C200A98EB5;
			productRefGroup = B970EF6B2908C7C200A98EB5 /* Products */;
			projectDirPath = "";
			projectRoot = "";
			targets = (
				B970EF692908C7C200A98EB5 /* KittyCatBatteryLife */,
				B970EF792908C7C300A98EB5 /* KittyCatBatteryLifeTests */,
				B970EF832908C7C300A98EB5 /* KittyCatBatteryLifeUITests */,
				B970EF9A2908C84500A98EB5 /* KittyCatExtension */,
			);
		};
/* End PBXProject section */

/* Begin PBXResourcesBuildPhase section */
		B970EF682908C7C200A98EB5 /* Resources */ = {
			isa = PBXResourcesBuildPhase;
			buildActionMask = 2147483647;
			files = (
				B970EF752908C7C300A98EB5 /* Preview Assets.xcassets in Resources */,
				B970EF722908C7C300A98EB5 /* Assets.xcassets in Resources */,
			);
			runOnlyForDeploymentPostprocessing = 0;
		};
		B970EF782908C7C300A98EB5 /* Resources */ = {
			isa = PBXResourcesBuildPhase;
			buildActionMask = 2147483647;
			files = (
			);
			runOnlyForDeploymentPostprocessing = 0;
		};
		B970EF822908C7C300A98EB5 /* Resources */ = {
			isa = PBXResourcesBuildPhase;
			buildActionMask = 2147483647;
			files = (
			);
			runOnlyForDeploymentPostprocessing = 0;
		};
		B970EF992908C84500A98EB5 /* Resources */ = {
			isa = PBXResourcesBuildPhase;
			buildActionMask = 2147483647;
			files = (
				B970EFA62908C84500A98EB5 /* Assets.xcassets in Resources */,
			);
			runOnlyForDeploymentPostprocessing = 0;
		};
/* End PBXResourcesBuildPhase section */

/* Begin PBXSourcesBuildPhase section */
		B970EF662908C7C200A98EB5 /* Sources */ = {
			isa = PBXSourcesBuildPhase;
			buildActionMask = 2147483647;
			files = (
				B970EF702908C7C200A98EB5 /* ContentView.swift in Sources */,
				B970EF6E2908C7C200A98EB5 /* KittyCatBatteryLifeApp.swift in Sources */,
				B970EFA92908C84500A98EB5 /* KittyCat.intentdefinition in Sources */,
			);
			runOnlyForDeploymentPostprocessing = 0;
		};
		B970EF762908C7C300A98EB5 /* Sources */ = {
			isa = PBXSourcesBuildPhase;
			buildActionMask = 2147483647;
			files = (
				B970EF7F2908C7C300A98EB5 /* KittyCatBatteryLifeTests.swift in Sources */,
			);
			runOnlyForDeploymentPostprocessing = 0;
		};
		B970EF802908C7C300A98EB5 /* Sources */ = {
			isa = PBXSourcesBuildPhase;
			buildActionMask = 2147483647;
			files = (
				B970EF892908C7C300A98EB5 /* KittyCatBatteryLifeUITests.swift in Sources */,
				B970EF8B2908C7C300A98EB5 /* KittyCatBatteryLifeUITestsLaunchTests.swift in Sources */,
			);
			runOnlyForDeploymentPostprocessing = 0;
		};
		B970EF972908C84500A98EB5 /* Sources */ = {
			isa = PBXSourcesBuildPhase;
			buildActionMask = 2147483647;
			files = (
				B970EFA32908C84500A98EB5 /* KittyCat.swift in Sources */,
				B970EFA82908C84500A98EB5 /* KittyCat.intentdefinition in Sources */,
			);
			runOnlyForDeploymentPostprocessing = 0;
		};
/* End PBXSourcesBuildPhase section */

/* Begin PBXTargetDependency section */
		B970EF7C2908C7C300A98EB5 /* PBXTargetDependency */ = {
			isa = PBXTargetDependency;
			target = B970EF692908C7C200A98EB5 /* KittyCatBatteryLife */;
			targetProxy = B970EF7B2908C7C300A98EB5 /* PBXContainerItemProxy */;
		};
		B970EF862908C7C300A98EB5 /* PBXTargetDependency */ = {
			isa = PBXTargetDependency;
			target = B970EF692908C7C200A98EB5 /* KittyCatBatteryLife */;
			targetProxy = B970EF852908C7C300A98EB5 /* PBXContainerItemProxy */;
		};
		B970EFAB2908C84500A98EB5 /* PBXTargetDependency */ = {
			isa = PBXTargetDependency;
			target = B970EF9A2908C84500A98EB5 /* KittyCatExtension */;
			targetProxy = B970EFAA2908C84500A98EB5 /* PBXContainerItemProxy */;
		};
/* End PBXTargetDependency section */

/* Begin XCBuildConfiguration section */
		B970EF8C2908C7C300A98EB5 /* Debug */ = {
			isa = XCBuildConfiguration;
			buildSettings = {
				ALWAYS_SEARCH_USER_PATHS = NO;
				CLANG_ANALYZER_NONNULL = YES;
				CLANG_ANALYZER_NUMBER_OBJECT_CONVERSION = YES_AGGRESSIVE;
				CLANG_CXX_LANGUAGE_STANDARD = "gnu++20";
				CLANG_ENABLE_MODULES = YES;
				CLANG_ENABLE_OBJC_ARC = YES;
				CLANG_ENABLE_OBJC_WEAK = YES;
				CLANG_WARN_BLOCK_CAPTURE_AUTORELEASING = YES;
				CLANG_WARN_BOOL_CONVERSION = YES;
				CLANG_WARN_COMMA = YES;
				CLANG_WARN_CONSTANT_CONVERSION = YES;
				CLANG_WARN_DEPRECATED_OBJC_IMPLEMENTATIONS = YES;
				CLANG_WARN_DIRECT_OBJC_ISA_USAGE = YES_ERROR;
				CLANG_WARN_DOCUMENTATION_COMMENTS = YES;
				CLANG_WARN_EMPTY_BODY = YES;
				CLANG_WARN_ENUM_CONVERSION = YES;
				CLANG_WARN_INFINITE_RECURSION = YES;
				CLANG_WARN_INT_CONVERSION = YES;
				CLANG_WARN_NON_LITERAL_NULL_CONVERSION = YES;
				CLANG_WARN_OBJC_IMPLICIT_RETAIN_SELF = YES;
				CLANG_WARN_OBJC_LITERAL_CONVERSION = YES;
				CLANG_WARN_OBJC_ROOT_CLASS = YES_ERROR;
				CLANG_WARN_QUOTED_INCLUDE_IN_FRAMEWORK_HEADER = YES;
				CLANG_WARN_RANGE_LOOP_ANALYSIS = YES;
				CLANG_WARN_STRICT_PROTOTYPES = YES;
				CLANG_WARN_SUSPICIOUS_MOVE = YES;
				CLANG_WARN_UNGUARDED_AVAILABILITY = YES_AGGRESSIVE;
				CLANG_WARN_UNREACHABLE_CODE = YES;
				CLANG_WARN__DUPLICATE_METHOD_MATCH = YES;
				COPY_PHASE_STRIP = NO;
				DEBUG_INFORMATION_FORMAT = dwarf;
				ENABLE_STRICT_OBJC_MSGSEND = YES;
				ENABLE_TESTABILITY = YES;
				GCC_C_LANGUAGE_STANDARD = gnu11;
				GCC_DYNAMIC_NO_PIC = NO;
				GCC_NO_COMMON_BLOCKS = YES;
				GCC_OPTIMIZATION_LEVEL = 0;
				GCC_PREPROCESSOR_DEFINITIONS = (
					"DEBUG=1",
					"$(inherited)",
				);
				GCC_WARN_64_TO_32_BIT_CONVERSION = YES;
				GCC_WARN_ABOUT_RETURN_TYPE = YES_ERROR;
				GCC_WARN_UNDECLARED_SELECTOR = YES;
				GCC_WARN_UNINITIALIZED_AUTOS = YES_AGGRESSIVE;
				GCC_WARN_UNUSED_FUNCTION = YES;
				GCC_WARN_UNUSED_VARIABLE = YES;
				IPHONEOS_DEPLOYMENT_TARGET = 16.0;
				MTL_ENABLE_DEBUG_INFO = INCLUDE_SOURCE;
				MTL_FAST_MATH = YES;
				ONLY_ACTIVE_ARCH = YES;
				SDKROOT = iphoneos;
				SWIFT_ACTIVE_COMPILATION_CONDITIONS = DEBUG;
				SWIFT_OPTIMIZATION_LEVEL = "-Onone";
			};
			name = Debug;
		};
		B970EF8D2908C7C300A98EB5 /* Release */ = {
			isa = XCBuildConfiguration;
			buildSettings = {
				ALWAYS_SEARCH_USER_PATHS = NO;
				CLANG_ANALYZER_NONNULL = YES;
				CLANG_ANALYZER_NUMBER_OBJECT_CONVERSION = YES_AGGRESSIVE;
				CLANG_CXX_LANGUAGE_STANDARD = "gnu++20";
				CLANG_ENABLE_MODULES = YES;
				CLANG_ENABLE_OBJC_ARC = YES;
				CLANG_ENABLE_OBJC_WEAK = YES;
				CLANG_WARN_BLOCK_CAPTURE_AUTORELEASING = YES;
				CLANG_WARN_BOOL_CONVERSION = YES;
				CLANG_WARN_COMMA = YES;
				CLANG_WARN_CONSTANT_CONVERSION = YES;
				CLANG_WARN_DEPRECATED_OBJC_IMPLEMENTATIONS = YES;
				CLANG_WARN_DIRECT_OBJC_ISA_USAGE = YES_ERROR;
				CLANG_WARN_DOCUMENTATION_COMMENTS = YES;
				CLANG_WARN_EMPTY_BODY = YES;
				CLANG_WARN_ENUM_CONVERSION = YES;
				CLANG_WARN_INFINITE_RECURSION = YES;
				CLANG_WARN_INT_CONVERSION = YES;
				CLANG_WARN_NON_LITERAL_NULL_CONVERSION = YES;
				CLANG_WARN_OBJC_IMPLICIT_RETAIN_SELF = YES;
				CLANG_WARN_OBJC_LITERAL_CONVERSION = YES;
				CLANG_WARN_OBJC_ROOT_CLASS = YES_ERROR;
				CLANG_WARN_QUOTED_INCLUDE_IN_FRAMEWORK_HEADER = YES;
				CLANG_WARN_RANGE_LOOP_ANALYSIS = YES;
				CLANG_WARN_STRICT_PROTOTYPES = YES;
				CLANG_WARN_SUSPICIOUS_MOVE = YES;
				CLANG_WARN_UNGUARDED_AVAILABILITY = YES_AGGRESSIVE;
				CLANG_WARN_UNREACHABLE_CODE = YES;
				CLANG_WARN__DUPLICATE_METHOD_MATCH = YES;
				COPY_PHASE_STRIP = NO;
				DEBUG_INFORMATION_FORMAT = "dwarf-with-dsym";
				ENABLE_NS_ASSERTIONS = NO;
				ENABLE_STRICT_OBJC_MSGSEND = YES;
				GCC_C_LANGUAGE_STANDARD = gnu11;
				GCC_NO_COMMON_BLOCKS = YES;
				GCC_WARN_64_TO_32_BIT_CONVERSION = YES;
				GCC_WARN_ABOUT_RETURN_TYPE = YES_ERROR;
				GCC_WARN_UNDECLARED_SELECTOR = YES;
				GCC_WARN_UNINITIALIZED_AUTOS = YES_AGGRESSIVE;
				GCC_WARN_UNUSED_FUNCTION = YES;
				GCC_WARN_UNUSED_VARIABLE = YES;
				IPHONEOS_DEPLOYMENT_TARGET = 16.0;
				MTL_ENABLE_DEBUG_INFO = NO;
				MTL_FAST_MATH = YES;
				SDKROOT = iphoneos;
				SWIFT_COMPILATION_MODE = wholemodule;
				SWIFT_OPTIMIZATION_LEVEL = "-O";
				VALIDATE_PRODUCT = YES;
			};
			name = Release;
		};
		B970EF8F2908C7C300A98EB5 /* Debug */ = {
			isa = XCBuildConfiguration;
			buildSettings = {
				ALWAYS_EMBED_SWIFT_STANDARD_LIBRARIES = YES;
				ASSETCATALOG_COMPILER_APPICON_NAME = AppIcon;
				ASSETCATALOG_COMPILER_GLOBAL_ACCENT_COLOR_NAME = AccentColor;
				CODE_SIGN_STYLE = Automatic;
				CURRENT_PROJECT_VERSION = 1;
				DEVELOPMENT_ASSET_PATHS = "\"KittyCatBatteryLife/Preview Content\"";
				ENABLE_PREVIEWS = YES;
				GENERATE_INFOPLIST_FILE = YES;
				INFOPLIST_KEY_UIApplicationSceneManifest_Generation = YES;
				INFOPLIST_KEY_UIApplicationSupportsIndirectInputEvents = YES;
				INFOPLIST_KEY_UILaunchScreen_Generation = YES;
				INFOPLIST_KEY_UISupportedInterfaceOrientations_iPad = "UIInterfaceOrientationPortrait UIInterfaceOrientationPortraitUpsideDown UIInterfaceOrientationLandscapeLeft UIInterfaceOrientationLandscapeRight";
				INFOPLIST_KEY_UISupportedInterfaceOrientations_iPhone = "UIInterfaceOrientationPortrait UIInterfaceOrientationLandscapeLeft UIInterfaceOrientationLandscapeRight";
				LD_RUNPATH_SEARCH_PATHS = (
					"$(inherited)",
					"@executable_path/Frameworks",
				);
				MARKETING_VERSION = 1.0;
				PRODUCT_BUNDLE_IDENTIFIER = HenrySt.KittyCatBatteryLife;
				PRODUCT_NAME = "$(TARGET_NAME)";
				SWIFT_EMIT_LOC_STRINGS = YES;
				SWIFT_VERSION = 5.0;
				TARGETED_DEVICE_FAMILY = "1,2";
			};
			name = Debug;
		};
		B970EF902908C7C300A98EB5 /* Release */ = {
			isa = XCBuildConfiguration;
			buildSettings = {
				ALWAYS_EMBED_SWIFT_STANDARD_LIBRARIES = YES;
				ASSETCATALOG_COMPILER_APPICON_NAME = AppIcon;
				ASSETCATALOG_COMPILER_GLOBAL_ACCENT_COLOR_NAME = AccentColor;
				CODE_SIGN_STYLE = Automatic;
				CURRENT_PROJECT_VERSION = 1;
				DEVELOPMENT_ASSET_PATHS = "\"KittyCatBatteryLife/Preview Content\"";
				ENABLE_PREVIEWS = YES;
				GENERATE_INFOPLIST_FILE = YES;
				INFOPLIST_KEY_UIApplicationSceneManifest_Generation = YES;
				INFOPLIST_KEY_UIApplicationSupportsIndirectInputEvents = YES;
				INFOPLIST_KEY_UILaunchScreen_Generation = YES;
				INFOPLIST_KEY_UISupportedInterfaceOrientations_iPad = "UIInterfaceOrientationPortrait UIInterfaceOrientationPortraitUpsideDown UIInterfaceOrientationLandscapeLeft UIInterfaceOrientationLandscapeRight";
				INFOPLIST_KEY_UISupportedInterfaceOrientations_iPhone = "UIInterfaceOrientationPortrait UIInterfaceOrientationLandscapeLeft UIInterfaceOrientationLandscapeRight";
				LD_RUNPATH_SEARCH_PATHS = (
					"$(inherited)",
					"@executable_path/Frameworks",
				);
				MARKETING_VERSION = 1.0;
				PRODUCT_BUNDLE_IDENTIFIER = HenrySt.KittyCatBatteryLife;
				PRODUCT_NAME = "$(TARGET_NAME)";
				SWIFT_EMIT_LOC_STRINGS = YES;
				SWIFT_VERSION = 5.0;
				TARGETED_DEVICE_FAMILY = "1,2";
			};
			name = Release;
		};
		B970EF922908C7C300A98EB5 /* Debug */ = {
			isa = XCBuildConfiguration;
			buildSettings = {
				ALWAYS_EMBED_SWIFT_STANDARD_LIBRARIES = YES;
				BUNDLE_LOADER = "$(TEST_HOST)";
				CODE_SIGN_STYLE = Automatic;
				CURRENT_PROJECT_VERSION = 1;
				GENERATE_INFOPLIST_FILE = YES;
				IPHONEOS_DEPLOYMENT_TARGET = 16.0;
				MARKETING_VERSION = 1.0;
				PRODUCT_BUNDLE_IDENTIFIER = HenrySt.KittyCatBatteryLifeTests;
				PRODUCT_NAME = "$(TARGET_NAME)";
				SWIFT_EMIT_LOC_STRINGS = NO;
				SWIFT_VERSION = 5.0;
				TARGETED_DEVICE_FAMILY = "1,2";
				TEST_HOST = "$(BUILT_PRODUCTS_DIR)/KittyCatBatteryLife.app/$(BUNDLE_EXECUTABLE_FOLDER_PATH)/KittyCatBatteryLife";
			};
			name = Debug;
		};
		B970EF932908C7C300A98EB5 /* Release */ = {
			isa = XCBuildConfiguration;
			buildSettings = {
				ALWAYS_EMBED_SWIFT_STANDARD_LIBRARIES = YES;
				BUNDLE_LOADER = "$(TEST_HOST)";
				CODE_SIGN_STYLE = Automatic;
				CURRENT_PROJECT_VERSION = 1;
				GENERATE_INFOPLIST_FILE = YES;
				IPHONEOS_DEPLOYMENT_TARGET = 16.0;
				MARKETING_VERSION = 1.0;
				PRODUCT_BUNDLE_IDENTIFIER = HenrySt.KittyCatBatteryLifeTests;
				PRODUCT_NAME = "$(TARGET_NAME)";
				SWIFT_EMIT_LOC_STRINGS = NO;
				SWIFT_VERSION = 5.0;
				TARGETED_DEVICE_FAMILY = "1,2";
				TEST_HOST = "$(BUILT_PRODUCTS_DIR)/KittyCatBatteryLife.app/$(BUNDLE_EXECUTABLE_FOLDER_PATH)/KittyCatBatteryLife";
			};
			name = Release;
		};
		B970EF952908C7C300A98EB5 /* Debug */ = {
			isa = XCBuildConfiguration;
			buildSettings = {
				ALWAYS_EMBED_SWIFT_STANDARD_LIBRARIES = YES;
				CODE_SIGN_STYLE = Automatic;
				CURRENT_PROJECT_VERSION = 1;
				GENERATE_INFOPLIST_FILE = YES;
				MARKETING_VERSION = 1.0;
				PRODUCT_BUNDLE_IDENTIFIER = HenrySt.KittyCatBatteryLifeUITests;
				PRODUCT_NAME = "$(TARGET_NAME)";
				SWIFT_EMIT_LOC_STRINGS = NO;
				SWIFT_VERSION = 5.0;
				TARGETED_DEVICE_FAMILY = "1,2";
				TEST_TARGET_NAME = KittyCatBatteryLife;
			};
			name = Debug;
		};
		B970EF962908C7C300A98EB5 /* Release */ = {
			isa = XCBuildConfiguration;
			buildSettings = {
				ALWAYS_EMBED_SWIFT_STANDARD_LIBRARIES = YES;
				CODE_SIGN_STYLE = Automatic;
				CURRENT_PROJECT_VERSION = 1;
				GENERATE_INFOPLIST_FILE = YES;
				MARKETING_VERSION = 1.0;
				PRODUCT_BUNDLE_IDENTIFIER = HenrySt.KittyCatBatteryLifeUITests;
				PRODUCT_NAME = "$(TARGET_NAME)";
				SWIFT_EMIT_LOC_STRINGS = NO;
				SWIFT_VERSION = 5.0;
				TARGETED_DEVICE_FAMILY = "1,2";
				TEST_TARGET_NAME = KittyCatBatteryLife;
			};
			name = Release;
		};
		B970EFAE2908C84600A98EB5 /* Debug */ = {
			isa = XCBuildConfiguration;
			buildSettings = {
				ASSETCATALOG_COMPILER_GLOBAL_ACCENT_COLOR_NAME = AccentColor;
				ASSETCATALOG_COMPILER_WIDGET_BACKGROUND_COLOR_NAME = WidgetBackground;
				CODE_SIGN_STYLE = Automatic;
				CURRENT_PROJECT_VERSION = 1;
				GENERATE_INFOPLIST_FILE = YES;
				INFOPLIST_FILE = KittyCat/Info.plist;
				INFOPLIST_KEY_CFBundleDisplayName = KittyCat;
				INFOPLIST_KEY_NSHumanReadableCopyright = "";
				LD_RUNPATH_SEARCH_PATHS = (
					"$(inherited)",
					"@executable_path/Frameworks",
					"@executable_path/../../Frameworks",
				);
				MARKETING_VERSION = 1.0;
				PRODUCT_BUNDLE_IDENTIFIER = HenrySt.KittyCatBatteryLife.KittyCat;
				PRODUCT_NAME = "$(TARGET_NAME)";
				SKIP_INSTALL = YES;
				SWIFT_EMIT_LOC_STRINGS = YES;
				SWIFT_VERSION = 5.0;
				TARGETED_DEVICE_FAMILY = "1,2";
			};
			name = Debug;
		};
		B970EFAF2908C84600A98EB5 /* Release */ = {
			isa = XCBuildConfiguration;
			buildSettings = {
				ASSETCATALOG_COMPILER_GLOBAL_ACCENT_COLOR_NAME = AccentColor;
				ASSETCATALOG_COMPILER_WIDGET_BACKGROUND_COLOR_NAME = WidgetBackground;
				CODE_SIGN_STYLE = Automatic;
				CURRENT_PROJECT_VERSION = 1;
				GENERATE_INFOPLIST_FILE = YES;
				INFOPLIST_FILE = KittyCat/Info.plist;
				INFOPLIST_KEY_CFBundleDisplayName = KittyCat;
				INFOPLIST_KEY_NSHumanReadableCopyright = "";
				LD_RUNPATH_SEARCH_PATHS = (
					"$(inherited)",
					"@executable_path/Frameworks",
					"@executable_path/../../Frameworks",
				);
				MARKETING_VERSION = 1.0;
				PRODUCT_BUNDLE_IDENTIFIER = HenrySt.KittyCatBatteryLife.KittyCat;
				PRODUCT_NAME = "$(TARGET_NAME)";
				SKIP_INSTALL = YES;
				SWIFT_EMIT_LOC_STRINGS = YES;
				SWIFT_VERSION = 5.0;
				TARGETED_DEVICE_FAMILY = "1,2";
			};
			name = Release;
		};
/* End XCBuildConfiguration section */

/* Begin XCConfigurationList section */
		B970EF652908C7C200A98EB5 /* Build configuration list for PBXProject "KittyCatBatteryLife" */ = {
			isa = XCConfigurationList;
			buildConfigurations = (
				B970EF8C2908C7C300A98EB5 /* Debug */,
				B970EF8D2908C7C300A98EB5 /* Release */,
			);
			defaultConfigurationIsVisible = 0;
			defaultConfigurationName = Release;
		};
		B970EF8E2908C7C300A98EB5 /* Build configuration list for PBXNativeTarget "KittyCatBatteryLife" */ = {
			isa = XCConfigurationList;
			buildConfigurations = (
				B970EF8F2908C7C300A98EB5 /* Debug */,
				B970EF902908C7C300A98EB5 /* Release */,
			);
			defaultConfigurationIsVisible = 0;
			defaultConfigurationName = Release;
		};
		B970EF912908C7C300A98EB5 /* Build configuration list for PBXNativeTarget "KittyCatBatteryLifeTests" */ = {
			isa = XCConfigurationList;
			buildConfigurations = (
				B970EF922908C7C300A98EB5 /* Debug */,
				B970EF932908C7C300A98EB5 /* Release */,
			);
			defaultConfigurationIsVisible = 0;
			defaultConfigurationName = Release;
		};
		B970EF942908C7C300A98EB5 /* Build configuration list for PBXNativeTarget "KittyCatBatteryLifeUITests" */ = {
			isa = XCConfigurationList;
			buildConfigurations = (
				B970EF952908C7C300A98EB5 /* Debug */,
				B970EF962908C7C300A98EB5 /* Release */,
			);
			defaultConfigurationIsVisible = 0;
			defaultConfigurationName = Release;
		};
		B970EFAD2908C84600A98EB5 /* Build configuration list for PBXNativeTarget "KittyCatExtension" */ = {
			isa = XCConfigurationList;
			buildConfigurations = (
				B970EFAE2908C84600A98EB5 /* Debug */,
				B970EFAF2908C84600A98EB5 /* Release */,
			);
			defaultConfigurationIsVisible = 0;
			defaultConfigurationName = Release;
		};
/* End XCConfigurationList section */
	};
	rootObject = B970EF622908C7C200A98EB5 /* Project object */;
}
